
Microsoft Visual Studio Solution File, Format Version 12.00
# Visual Studio Version 17
VisualStudioVersion = 17.1.32228.430
MinimumVisualStudioVersion = 10.0.40219.1
Project("{FAE04EC0-301F-11D3-BF4B-00C04F79EFBC}") = "ORMConsoleApp", "ORMConsoleApp\ORMConsoleApp.csproj", "{5F457DDF-832F-4C74-B44E-149EB5042898}"
EndProject
Project("{FAE04EC0-301F-11D3-BF4B-00C04F79EFBC}") = "ORM.Domain", "ORMClassLibrary\ORM.Domain.csproj", "{A94ACF69-6CE4-4962-B44C-D93FD938CE05}"
EndProject
Global
	GlobalSection(SolutionConfigurationPlatforms) = preSolution
		Debug|Any CPU = Debug|Any CPU
		Release|Any CPU = Release|Any CPU
	EndGlobalSection
	GlobalSection(ProjectConfigurationPlatforms) = postSolution
		{5F457DDF-832F-4C74-B44E-149EB5042898}.Debug|Any CPU.ActiveCfg = Debug|Any CPU
		{5F457DDF-832F-4C74-B44E-149EB5042898}.Debug|Any CPU.Build.0 = Debug|Any CPU
		{5F457DDF-832F-4C74-B44E-149EB5042898}.Release|Any CPU.ActiveCfg = Release|Any CPU
		{5F457DDF-832F-4C74-B44E-149EB5042898}.Release|Any CPU.Build.0 = Release|Any CPU
		{A94ACF69-6CE4-4962-B44C-D93FD938CE05}.Debug|Any CPU.ActiveCfg = Debug|Any CPU
		{A94ACF69-6CE4-4962-B44C-D93FD938CE05}.Debug|Any CPU.Build.0 = Debug|Any CPU
		{A94ACF69-6CE4-4962-B44C-D93FD938CE05}.Release|Any CPU.ActiveCfg = Release|Any CPU
		{A94ACF69-6CE4-4962-B44C-D93FD938CE05}.Release|Any CPU.Build.0 = Release|Any CPU
	EndGlobalSection
	GlobalSection(SolutionProperties) = preSolution
		HideSolutionNode = FALSE
	EndGlobalSection
	GlobalSection(ExtensibilityGlobals) = postSolution
		SolutionGuid = {FCF42080-1633-425C-A701-0BE287FB5F0A}
	EndGlobalSection
EndGlobal
